
Microsoft Visual Studio Solution File, Format Version 12.00
# Visual Studio 15
VisualStudioVersion = 15.0.26228.12
MinimumVisualStudioVersion = 10.0.40219.1
Project("{F184B08F-C81C-45F6-A57F-5ABD9991F28F}") = "HRRIS", "HRRIS\HRRIS.vbproj", "{F4F5A73F-DF1A-4902-BC8D-9018E7E67DBC}"
EndProject
Project("{F184B08F-C81C-45F6-A57F-5ABD9991F28F}") = "HRRISUnitTest", "TestValidation\HRRISUnitTest.vbproj", "{2754BF5A-AC87-4CEA-9CE0-A59E1FF72395}"
EndProject
Global
	GlobalSection(SolutionConfigurationPlatforms) = preSolution
		Debug|Any CPU = Debug|Any CPU
		Release|Any CPU = Release|Any CPU
	EndGlobalSection
	GlobalSection(ProjectConfigurationPlatforms) = postSolution
		{F4F5A73F-DF1A-4902-BC8D-9018E7E67DBC}.Debug|Any CPU.ActiveCfg = Debug|Any CPU
		{F4F5A73F-DF1A-4902-BC8D-9018E7E67DBC}.Debug|Any CPU.Build.0 = Debug|Any CPU
		{F4F5A73F-DF1A-4902-BC8D-9018E7E67DBC}.Release|Any CPU.ActiveCfg = Release|Any CPU
		{F4F5A73F-DF1A-4902-BC8D-9018E7E67DBC}.Release|Any CPU.Build.0 = Release|Any CPU
		{2754BF5A-AC87-4CEA-9CE0-A59E1FF72395}.Debug|Any CPU.ActiveCfg = Debug|Any CPU
		{2754BF5A-AC87-4CEA-9CE0-A59E1FF72395}.Debug|Any CPU.Build.0 = Debug|Any CPU
		{2754BF5A-AC87-4CEA-9CE0-A59E1FF72395}.Release|Any CPU.ActiveCfg = Release|Any CPU
		{2754BF5A-AC87-4CEA-9CE0-A59E1FF72395}.Release|Any CPU.Build.0 = Release|Any CPU
	EndGlobalSection
	GlobalSection(SolutionProperties) = preSolution
		HideSolutionNode = FALSE
	EndGlobalSection
EndGlobal
